
Microsoft Visual Studio Solution File, Format Version 12.00
# Visual Studio 15
VisualStudioVersion = 15.0.27428.2005
MinimumVisualStudioVersion = 10.0.40219.1
Project("{8BC9CEB8-8B4A-11D0-8D11-00A0C91BC942}") = "eduApp", "eduApp\eduApp.vcxproj", "{95163F70-88AE-4CE9-99A1-3EAB066B908B}"
EndProject
Global
	GlobalSection(SolutionConfigurationPlatforms) = preSolution
		Debug|x64 = Debug|x64
		Debug|x86 = Debug|x86
		Release|x64 = Release|x64
		Release|x86 = Release|x86
	EndGlobalSection
	GlobalSection(ProjectConfigurationPlatforms) = postSolution
		{95163F70-88AE-4CE9-99A1-3EAB066B908B}.Debug|x64.ActiveCfg = Debug|x64
		{95163F70-88AE-4CE9-99A1-3EAB066B908B}.Debug|x64.Build.0 = Debug|x64
		{95163F70-88AE-4CE9-99A1-3EAB066B908B}.Debug|x86.ActiveCfg = Debug|Win32
		{95163F70-88AE-4CE9-99A1-3EAB066B908B}.Debug|x86.Build.0 = Debug|Win32
		{95163F70-88AE-4CE9-99A1-3EAB066B908B}.Release|x64.ActiveCfg = Release|x64
		{95163F70-88AE-4CE9-99A1-3EAB066B908B}.Release|x64.Build.0 = Release|x64
		{95163F70-88AE-4CE9-99A1-3EAB066B908B}.Release|x86.ActiveCfg = Release|Win32
		{95163F70-88AE-4CE9-99A1-3EAB066B908B}.Release|x86.Build.0 = Release|Win32
	EndGlobalSection
	GlobalSection(SolutionProperties) = preSolution
		HideSolutionNode = FALSE
	EndGlobalSection
	GlobalSection(ExtensibilityGlobals) = postSolution
		SolutionGuid = {8BCF3E6F-56C2-4059-9CCB-18EEAB3D8D2F}
	EndGlobalSection
EndGlobal
